
Microsoft Visual Studio Solution File, Format Version 11.00
# Visual Studio 2010
Project("{FAE04EC0-301F-11D3-BF4B-00C04F79EFBC}") = "WindowsCEConsentForms", "WindowsCEConsentForms.csproj", "{5D2036ED-17B6-475E-8B75-4E3540D861BA}"
EndProject
Project("{FAE04EC0-301F-11D3-BF4B-00C04F79EFBC}") = "ConsoleApplication1", "..\ConsoleApplication1\ConsoleApplication1.csproj", "{CDF282E5-956C-42A0-AC63-A88106E45C26}"
EndProject
Project("{54435603-DBB4-11D2-8724-00A0C9A8B90C}") = "BethesdaEConsentsSetup", "..\BethesdaEConsentsSetup\BethesdaEConsentsSetup.vdproj", "{6502DC28-8712-4C1A-9547-61458E19C11C}"
EndProject
Project("{FAE04EC0-301F-11D3-BF4B-00C04F79EFBC}") = "SequenceInstaller", "..\SequenceInstaller\SequenceInstaller.csproj", "{5AC55BBB-0C0F-4EEE-94BE-7C9C22A494B0}"
EndProject
Project("{FAE04EC0-301F-11D3-BF4B-00C04F79EFBC}") = "BethesdaConsentFormWCFSvc", "..\BethesdaConsentFormWCFSvc\BethesdaConsentFormWCFSvc.csproj", "{987506A3-CF5C-48BA-A926-7FBCFEB67C1C}"
EndProject
Project("{54435603-DBB4-11D2-8724-00A0C9A8B90C}") = "BethesdaConsentFormWCFSvcSetup", "..\BethesdaConsentFormWCFSvcSetup\BethesdaConsentFormWCFSvcSetup.vdproj", "{839A2CE4-8466-4F43-88EE-E4475FCBA0C7}"
EndProject
Global
	GlobalSection(SolutionConfigurationPlatforms) = preSolution
		Debug|Any CPU = Debug|Any CPU
		Debug|Mixed Platforms = Debug|Mixed Platforms
		Debug|x86 = Debug|x86
		Release|Any CPU = Release|Any CPU
		Release|Mixed Platforms = Release|Mixed Platforms
		Release|x86 = Release|x86
	EndGlobalSection
	GlobalSection(ProjectConfigurationPlatforms) = postSolution
		{5D2036ED-17B6-475E-8B75-4E3540D861BA}.Debug|Any CPU.ActiveCfg = Debug|Any CPU
		{5D2036ED-17B6-475E-8B75-4E3540D861BA}.Debug|Any CPU.Build.0 = Debug|Any CPU
		{5D2036ED-17B6-475E-8B75-4E3540D861BA}.Debug|Mixed Platforms.ActiveCfg = Debug|Any CPU
		{5D2036ED-17B6-475E-8B75-4E3540D861BA}.Debug|Mixed Platforms.Build.0 = Debug|Any CPU
		{5D2036ED-17B6-475E-8B75-4E3540D861BA}.Debug|x86.ActiveCfg = Debug|Any CPU
		{5D2036ED-17B6-475E-8B75-4E3540D861BA}.Release|Any CPU.ActiveCfg = Release|Any CPU
		{5D2036ED-17B6-475E-8B75-4E3540D861BA}.Release|Any CPU.Build.0 = Release|Any CPU
		{5D2036ED-17B6-475E-8B75-4E3540D861BA}.Release|Mixed Platforms.ActiveCfg = Release|Any CPU
		{5D2036ED-17B6-475E-8B75-4E3540D861BA}.Release|Mixed Platforms.Build.0 = Release|Any CPU
		{5D2036ED-17B6-475E-8B75-4E3540D861BA}.Release|x86.ActiveCfg = Release|Any CPU
		{CDF282E5-956C-42A0-AC63-A88106E45C26}.Debug|Any CPU.ActiveCfg = Debug|x86
		{CDF282E5-956C-42A0-AC63-A88106E45C26}.Debug|Mixed Platforms.ActiveCfg = Debug|x86
		{CDF282E5-956C-42A0-AC63-A88106E45C26}.Debug|x86.ActiveCfg = Debug|x86
		{CDF282E5-956C-42A0-AC63-A88106E45C26}.Debug|x86.Build.0 = Debug|x86
		{CDF282E5-956C-42A0-AC63-A88106E45C26}.Release|Any CPU.ActiveCfg = Release|x86
		{CDF282E5-956C-42A0-AC63-A88106E45C26}.Release|Mixed Platforms.ActiveCfg = Release|x86
		{CDF282E5-956C-42A0-AC63-A88106E45C26}.Release|Mixed Platforms.Build.0 = Release|x86
		{CDF282E5-956C-42A0-AC63-A88106E45C26}.Release|x86.ActiveCfg = Release|x86
		{CDF282E5-956C-42A0-AC63-A88106E45C26}.Release|x86.Build.0 = Release|x86
		{6502DC28-8712-4C1A-9547-61458E19C11C}.Debug|Any CPU.ActiveCfg = Debug
		{6502DC28-8712-4C1A-9547-61458E19C11C}.Debug|Mixed Platforms.ActiveCfg = Debug
		{6502DC28-8712-4C1A-9547-61458E19C11C}.Debug|x86.ActiveCfg = Debug
		{6502DC28-8712-4C1A-9547-61458E19C11C}.Release|Any CPU.ActiveCfg = Release
		{6502DC28-8712-4C1A-9547-61458E19C11C}.Release|Mixed Platforms.ActiveCfg = Release
		{6502DC28-8712-4C1A-9547-61458E19C11C}.Release|x86.ActiveCfg = Release
		{5AC55BBB-0C0F-4EEE-94BE-7C9C22A494B0}.Debug|Any CPU.ActiveCfg = Debug|x86
		{5AC55BBB-0C0F-4EEE-94BE-7C9C22A494B0}.Debug|Mixed Platforms.ActiveCfg = Debug|x86
		{5AC55BBB-0C0F-4EEE-94BE-7C9C22A494B0}.Debug|x86.ActiveCfg = Debug|x86
		{5AC55BBB-0C0F-4EEE-94BE-7C9C22A494B0}.Debug|x86.Build.0 = Debug|x86
		{5AC55BBB-0C0F-4EEE-94BE-7C9C22A494B0}.Release|Any CPU.ActiveCfg = Release|x86
		{5AC55BBB-0C0F-4EEE-94BE-7C9C22A494B0}.Release|Mixed Platforms.ActiveCfg = Release|x86
		{5AC55BBB-0C0F-4EEE-94BE-7C9C22A494B0}.Release|Mixed Platforms.Build.0 = Release|x86
		{5AC55BBB-0C0F-4EEE-94BE-7C9C22A494B0}.Release|x86.ActiveCfg = Release|x86
		{5AC55BBB-0C0F-4EEE-94BE-7C9C22A494B0}.Release|x86.Build.0 = Release|x86
		{987506A3-CF5C-48BA-A926-7FBCFEB67C1C}.Debug|Any CPU.ActiveCfg = Debug|Any CPU
		{987506A3-CF5C-48BA-A926-7FBCFEB67C1C}.Debug|Any CPU.Build.0 = Debug|Any CPU
		{987506A3-CF5C-48BA-A926-7FBCFEB67C1C}.Debug|Mixed Platforms.ActiveCfg = Debug|Any CPU
		{987506A3-CF5C-48BA-A926-7FBCFEB67C1C}.Debug|x86.ActiveCfg = Debug|Any CPU
		{987506A3-CF5C-48BA-A926-7FBCFEB67C1C}.Release|Any CPU.ActiveCfg = Release|Any CPU
		{987506A3-CF5C-48BA-A926-7FBCFEB67C1C}.Release|Any CPU.Build.0 = Release|Any CPU
		{987506A3-CF5C-48BA-A926-7FBCFEB67C1C}.Release|Mixed Platforms.ActiveCfg = Release|Any CPU
		{987506A3-CF5C-48BA-A926-7FBCFEB67C1C}.Release|Mixed Platforms.Build.0 = Release|Any CPU
		{987506A3-CF5C-48BA-A926-7FBCFEB67C1C}.Release|x86.ActiveCfg = Release|Any CPU
		{839A2CE4-8466-4F43-88EE-E4475FCBA0C7}.Debug|Any CPU.ActiveCfg = Debug
		{839A2CE4-8466-4F43-88EE-E4475FCBA0C7}.Debug|Any CPU.Build.0 = Debug
		{839A2CE4-8466-4F43-88EE-E4475FCBA0C7}.Debug|Mixed Platforms.ActiveCfg = Debug
		{839A2CE4-8466-4F43-88EE-E4475FCBA0C7}.Debug|x86.ActiveCfg = Debug
		{839A2CE4-8466-4F43-88EE-E4475FCBA0C7}.Debug|x86.Build.0 = Debug
		{839A2CE4-8466-4F43-88EE-E4475FCBA0C7}.Release|Any CPU.ActiveCfg = Release
		{839A2CE4-8466-4F43-88EE-E4475FCBA0C7}.Release|Any CPU.Build.0 = Release
		{839A2CE4-8466-4F43-88EE-E4475FCBA0C7}.Release|Mixed Platforms.ActiveCfg = Release
		{839A2CE4-8466-4F43-88EE-E4475FCBA0C7}.Release|Mixed Platforms.Build.0 = Release
		{839A2CE4-8466-4F43-88EE-E4475FCBA0C7}.Release|x86.ActiveCfg = Release
		{839A2CE4-8466-4F43-88EE-E4475FCBA0C7}.Release|x86.Build.0 = Release
	EndGlobalSection
	GlobalSection(SolutionProperties) = preSolution
		HideSolutionNode = FALSE
	EndGlobalSection
EndGlobal
